<?xml version="1.0" encoding="utf-8"?>
<Project ToolsVersion="4.0" xmlns="http://schemas.microsoft.com/developer/msbuild/2003">
  <ItemGroup>
    <ClCompile Include="Source\CreateLibrary.cpp">
      <Filter>Sources</Filter>
    </ClCompile>
    <ClCompile Include="Source\Database.cpp">
      <Filter>Sources</Filter>
    </ClCompile>
    <ClCompile Include="Source\Main.cpp">
      <Filter>Sources</Filter>
    </ClCompile>
    <ClCompile Include="Source\Precompiled.cpp">
      <Filter>Sources</Filter>
    </ClCompile>
    <ClCompile Include="Source\Settings.cpp">
      <Filter>Sources</Filter>
    </ClCompile>
    <ClCompile Include="Source\Strings.cpp">
      <Filter>Sources</Filter>
    </ClCompile>
    <ClCompile Include="Source\Writers.cpp">
      <Filter>Sources</Filter>
    </ClCompile>
  </ItemGroup>
  <ItemGroup>
    <Filter Include="Headers">
      <UniqueIdentifier>{25230c82-d36a-4013-ba43-4b2b655e980a}</UniqueIdentifier>
    </Filter>
    <Filter Include="Sources">
      <UniqueIdentifier>{f7e5e81b-4100-4896-9615-8f12e949a05f}</UniqueIdentifier>
    </Filter>
  </ItemGroup>
  <ItemGroup>
    <ClInclude Include="Source\Arguments.h">
      <Filter>Headers</Filter>
    </ClInclude>
    <ClInclude Include="Source\Database.h">
      <Filter>Headers</Filter>
    </ClInclude>
    <ClInclude Include="Source\Debug.h">
      <Filter>Headers</Filter>
    </ClInclude>
    <ClInclude Include="Source\FileView.h">
      <Filter>Headers</Filter>
    </ClInclude>
    <ClInclude Include="Source\FormatMessage.h">
      <Filter>Headers</Filter>
    </ClInclude>
    <ClInclude Include="Source\handle.h">
      <Filter>Headers</Filter>
    </ClInclude>
    <ClInclude Include="Source\Meta.h">
      <Filter>Headers</Filter>
    </ClInclude>
    <ClInclude Include="Source\Output.h">
      <Filter>Headers</Filter>
    </ClInclude>
    <ClInclude Include="Source\Path.h">
      <Filter>Headers</Filter>
    </ClInclude>
    <ClInclude Include="Source\Precompiled.h">
      <Filter>Headers</Filter>
    </ClInclude>
    <ClInclude Include="Source\Settings.h">
      <Filter>Headers</Filter>
    </ClInclude>
    <ClInclude Include="Source\SQLite.h">
      <Filter>Headers</Filter>
    </ClInclude>
    <ClInclude Include="Source\Strings.h">
      <Filter>Headers</Filter>
    </ClInclude>
    <ClInclude Include="Source\ThrowWindowsError.h">
      <Filter>Headers</Filter>
    </ClInclude>
    <ClInclude Include="Source\Timer.h">
      <Filter>Headers</Filter>
    </ClInclude>
    <ClInclude Include="Source\Version.h">
      <Filter>Headers</Filter>
    </ClInclude>
    <ClInclude Include="Source\Write.h">
      <Filter>Headers</Filter>
    </ClInclude>
    <ClInclude Include="Source\Writers.h">
      <Filter>Headers</Filter>
    </ClInclude>
    <ClInclude Include="Source\Year.h">
      <Filter>Headers</Filter>
    </ClInclude>
  </ItemGroup>
</Project>