<?xml version="1.0" encoding="utf-8"?>
<Project ToolsVersion="4.0" xmlns="http://schemas.microsoft.com/developer/msbuild/2003">
  <ItemGroup>
    <Filter Include="Sources">
      <UniqueIdentifier>{49185db5-a477-405a-a249-e35f865d885b}</UniqueIdentifier>
    </Filter>
    <Filter Include="Assets">
      <UniqueIdentifier>{568e5da6-cebc-48fc-ba3a-8c3b9ba51ce6}</UniqueIdentifier>
    </Filter>
  </ItemGroup>
  <ItemGroup>
    <ClCompile Include="Source\StringsMain.cpp">
      <Filter>Sources</Filter>
    </ClCompile>
  </ItemGroup>
  <ItemGroup>
    <ClInclude Include="Source\Modern\base_accessors.h">
      <Filter>Assets</Filter>
    </ClInclude>
    <ClInclude Include="Source\Modern\base_activation.h">
      <Filter>Assets</Filter>
    </ClInclude>
    <ClInclude Include="Source\Modern\base_array.h">
      <Filter>Assets</Filter>
    </ClInclude>
    <ClInclude Include="Source\Modern\base_async_consume.h">
      <Filter>Assets</Filter>
    </ClInclude>
    <ClInclude Include="Source\Modern\base_async_produce.h">
      <Filter>Assets</Filter>
    </ClInclude>
    <ClInclude Include="Source\Modern\base_await_consume.h">
      <Filter>Assets</Filter>
    </ClInclude>
    <ClInclude Include="Source\Modern\base_collections_consume.h">
      <Filter>Assets</Filter>
    </ClInclude>
    <ClInclude Include="Source\Modern\base_collections_produce.h">
      <Filter>Assets</Filter>
    </ClInclude>
    <ClInclude Include="Source\Modern\base_com_ptr.h">
      <Filter>Assets</Filter>
    </ClInclude>
    <ClInclude Include="Source\Modern\base_composable.h">
      <Filter>Assets</Filter>
    </ClInclude>
    <ClInclude Include="Source\Modern\base_dependencies.h">
      <Filter>Assets</Filter>
    </ClInclude>
    <ClInclude Include="Source\Modern\base_error.h">
      <Filter>Assets</Filter>
    </ClInclude>
    <ClInclude Include="Source\Modern\base_event_consume.h">
      <Filter>Assets</Filter>
    </ClInclude>
    <ClInclude Include="Source\Modern\base_foundation.h">
      <Filter>Assets</Filter>
    </ClInclude>
    <ClInclude Include="Source\Modern\base_handle.h">
      <Filter>Assets</Filter>
    </ClInclude>
    <ClInclude Include="Source\Modern\base_implements.h">
      <Filter>Assets</Filter>
    </ClInclude>
    <ClInclude Include="Source\Modern\base_lock.h">
      <Filter>Assets</Filter>
    </ClInclude>
    <ClInclude Include="Source\Modern\base_macros.h">
      <Filter>Assets</Filter>
    </ClInclude>
    <ClInclude Include="Source\Modern\base_meta.h">
      <Filter>Assets</Filter>
    </ClInclude>
    <ClInclude Include="Source\Modern\base_modern.h">
      <Filter>Assets</Filter>
    </ClInclude>
    <ClInclude Include="Source\Modern\base_module.h">
      <Filter>Assets</Filter>
    </ClInclude>
    <ClInclude Include="Source\Modern\base_string.h">
      <Filter>Assets</Filter>
    </ClInclude>
    <ClInclude Include="Source\Modern\base_string_hstring.h">
      <Filter>Assets</Filter>
    </ClInclude>
    <ClInclude Include="Source\Modern\base_string_hstring_ref.h">
      <Filter>Assets</Filter>
    </ClInclude>
    <ClInclude Include="Source\Modern\base_string_operators.h">
      <Filter>Assets</Filter>
    </ClInclude>
    <ClInclude Include="Source\Modern\base_weak.h">
      <Filter>Assets</Filter>
    </ClInclude>
    <ClInclude Include="Source\Modern\base_windows.h">
      <Filter>Assets</Filter>
    </ClInclude>
    <ClInclude Include="Source\Modern\Logo.h">
      <Filter>Assets</Filter>
    </ClInclude>
    <ClInclude Include="Source\Modern\PragmaOnce.h">
      <Filter>Assets</Filter>
    </ClInclude>
    <ClInclude Include="Source\Modern\WriteAbiClassDefault.h">
      <Filter>Assets</Filter>
    </ClInclude>
    <ClInclude Include="Source\Modern\WriteAbiInterface.h">
      <Filter>Assets</Filter>
    </ClInclude>
    <ClInclude Include="Source\Modern\WriteAbiInterfaceMethod.h">
      <Filter>Assets</Filter>
    </ClInclude>
    <ClInclude Include="Source\Modern\WriteClassComposable.h">
      <Filter>Assets</Filter>
    </ClInclude>
    <ClInclude Include="Source\Modern\WriteClassConstructorDeclaration.h">
      <Filter>Assets</Filter>
    </ClInclude>
    <ClInclude Include="Source\Modern\WriteClassConstructorDefinition.h">
      <Filter>Assets</Filter>
    </ClInclude>
    <ClInclude Include="Source\Modern\WriteClassConstructorDefinitionComposable.h">
      <Filter>Assets</Filter>
    </ClInclude>
    <ClInclude Include="Source\Modern\WriteClassDeclaration.h">
      <Filter>Assets</Filter>
    </ClInclude>
    <ClInclude Include="Source\Modern\WriteClassDefaultConstructorDeclaration.h">
      <Filter>Assets</Filter>
    </ClInclude>
    <ClInclude Include="Source\Modern\WriteClassDefaultConstructorDefinition.h">
      <Filter>Assets</Filter>
    </ClInclude>
    <ClInclude Include="Source\Modern\WriteClassImplementation.h">
      <Filter>Assets</Filter>
    </ClInclude>
    <ClInclude Include="Source\Modern\WriteClassImplementationStatic.h">
      <Filter>Assets</Filter>
    </ClInclude>
    <ClInclude Include="Source\Modern\WriteClassNullptrConstructor.h">
      <Filter>Assets</Filter>
    </ClInclude>
    <ClInclude Include="Source\Modern\WriteComposableConstructor.h">
      <Filter>Assets</Filter>
    </ClInclude>
    <ClInclude Include="Source\Modern\WriteDelegateDefinition.h">
      <Filter>Assets</Filter>
    </ClInclude>
    <ClInclude Include="Source\Modern\WriteDelegateProducer.h">
      <Filter>Assets</Filter>
    </ClInclude>
    <ClInclude Include="Source\Modern\WriteDelegateShims.h">
      <Filter>Assets</Filter>
    </ClInclude>
    <ClInclude Include="Source\Modern\WriteDelegateTraits.h">
      <Filter>Assets</Filter>
    </ClInclude>
    <ClInclude Include="Source\Modern\WriteEnumeration.h">
      <Filter>Assets</Filter>
    </ClInclude>
    <ClInclude Include="Source\Modern\WriteEnumerationFlag.h">
      <Filter>Assets</Filter>
    </ClInclude>
    <ClInclude Include="Source\Modern\WriteEnumerator.h">
      <Filter>Assets</Filter>
    </ClInclude>
    <ClInclude Include="Source\Modern\WriteEnumeratorFlag.h">
      <Filter>Assets</Filter>
    </ClInclude>
    <ClInclude Include="Source\Modern\WriteGenericInterface.h">
      <Filter>Assets</Filter>
    </ClInclude>
    <ClInclude Include="Source\Modern\WriteInterfaceConsumer.h">
      <Filter>Assets</Filter>
    </ClInclude>
    <ClInclude Include="Source\Modern\WriteInterfaceDefinition.h">
      <Filter>Assets</Filter>
    </ClInclude>
    <ClInclude Include="Source\Modern\WriteInterfaceMethodDeclaration.h">
      <Filter>Assets</Filter>
    </ClInclude>
    <ClInclude Include="Source\Modern\WriteInterfaceProducer.h">
      <Filter>Assets</Filter>
    </ClInclude>
    <ClInclude Include="Source\Modern\WriteInterfaceProducerVirtualMethod.h">
      <Filter>Assets</Filter>
    </ClInclude>
    <ClInclude Include="Source\Modern\WriteInterfacesMethodDefinition.h">
      <Filter>Assets</Filter>
    </ClInclude>
    <ClInclude Include="Source\Modern\WriteInterfaceTraits.h">
      <Filter>Assets</Filter>
    </ClInclude>
    <ClInclude Include="Source\Modern\WriteMethodBody.h">
      <Filter>Assets</Filter>
    </ClInclude>
    <ClInclude Include="Source\Modern\WriteNonAbiStructure.h">
      <Filter>Assets</Filter>
    </ClInclude>
    <ClInclude Include="Source\Modern\WriteOverride.h">
      <Filter>Assets</Filter>
    </ClInclude>
    <ClInclude Include="Source\Modern\WriteOverrideDefault.h">
      <Filter>Assets</Filter>
    </ClInclude>
    <ClInclude Include="Source\Modern\WriteRequiredInterfaces.h">
      <Filter>Assets</Filter>
    </ClInclude>
    <ClInclude Include="Source\Modern\WriteSimpleTraits.h">
      <Filter>Assets</Filter>
    </ClInclude>
    <ClInclude Include="Source\Modern\WriteStaticClassDeclaration.h">
      <Filter>Assets</Filter>
    </ClInclude>
    <ClInclude Include="Source\Modern\WriteStaticMethodDeclaration.h">
      <Filter>Assets</Filter>
    </ClInclude>
    <ClInclude Include="Source\Modern\WriteStaticMethodDefinition.h">
      <Filter>Assets</Filter>
    </ClInclude>
    <ClInclude Include="Source\Modern\WriteStructure.h">
      <Filter>Assets</Filter>
    </ClInclude>
    <ClInclude Include="Source\Modern\WriteStructureDeclaration.h">
      <Filter>Assets</Filter>
    </ClInclude>
    <ClInclude Include="Source\Modern\WriteStructureField.h">
      <Filter>Assets</Filter>
    </ClInclude>
    <ClInclude Include="Source\Modern\WriteUsingMethod.h">
      <Filter>Assets</Filter>
    </ClInclude>
    <ClInclude Include="Source\Modern\WriteInterfaceEventMethodDeclaration.h">
      <Filter>Assets</Filter>
    </ClInclude>
    <ClInclude Include="Source\Modern\WriteInterfacesEventMethodDefinition.h">
      <Filter>Assets</Filter>
    </ClInclude>
    <ClInclude Include="Source\Modern\WriteStaticEventMethodDeclaration.h">
      <Filter>Assets</Filter>
    </ClInclude>
    <ClInclude Include="Source\Modern\WriteStaticEventMethodDefinition.h">
      <Filter>Assets</Filter>
    </ClInclude>
    <ClInclude Include="Source\Modern\base_reference.h">
      <Filter>Assets</Filter>
    </ClInclude>
    <ClInclude Include="Source\Modern\base_chrono.h">
      <Filter>Assets</Filter>
    </ClInclude>
    <ClInclude Include="Source\Modern\base_delegate.h">
      <Filter>Assets</Filter>
    </ClInclude>
    <ClInclude Include="Source\Modern\base_propertyvalue.h">
      <Filter>Assets</Filter>
    </ClInclude>
    <ClInclude Include="Source\Modern\base_ppl.h">
      <Filter>Assets</Filter>
    </ClInclude>
    <ClInclude Include="Source\Modern\base_agile.h">
      <Filter>Assets</Filter>
    </ClInclude>
    <ClInclude Include="Source\Modern\base_await_produce.h">
      <Filter>Assets</Filter>
    </ClInclude>
    <ClInclude Include="Source\Modern\base_collections_impl.h">
      <Filter>Assets</Filter>
    </ClInclude>
    <ClInclude Include="Source\Modern\base_event_produce.h">
      <Filter>Assets</Filter>
    </ClInclude>
    <ClInclude Include="Source\Modern\base_std_async_action.h">
      <Filter>Assets</Filter>
    </ClInclude>
    <ClInclude Include="Source\Modern\base_std_async_action_with_progress.h">
      <Filter>Assets</Filter>
    </ClInclude>
    <ClInclude Include="Source\Modern\base_std_async_operation.h">
      <Filter>Assets</Filter>
    </ClInclude>
    <ClInclude Include="Source\Modern\base_std_async_operation_with_progress.h">
      <Filter>Assets</Filter>
    </ClInclude>
    <ClInclude Include="Source\Modern\base_std_fire_and_forget.h">
      <Filter>Assets</Filter>
    </ClInclude>
    <ClInclude Include="Source\Modern\base_std_hash.h">
      <Filter>Assets</Filter>
    </ClInclude>
    <ClInclude Include="Source\Modern\WriteDelegateForward.h">
      <Filter>Assets</Filter>
    </ClInclude>
    <ClInclude Include="Source\Modern\WriteInclude.h">
      <Filter>Assets</Filter>
    </ClInclude>
    <ClInclude Include="Source\Modern\WriteInterfaceConsumerForward.h">
      <Filter>Assets</Filter>
    </ClInclude>
    <ClInclude Include="Source\Modern\WriteInterfaceHash.h">
      <Filter>Assets</Filter>
    </ClInclude>
  </ItemGroup>
  <ItemGroup>
    <Text Include="Source\Modern\ConsoleHeader.txt">
      <Filter>Assets</Filter>
    </Text>
    <Text Include="Source\Modern\OutputError.txt">
      <Filter>Assets</Filter>
    </Text>
    <Text Include="Source\Modern\SQLiteError.txt">
      <Filter>Assets</Filter>
    </Text>
    <Text Include="Source\Modern\TimeCompleted.txt">
      <Filter>Assets</Filter>
    </Text>
    <Text Include="Source\Modern\Usage.txt">
      <Filter>Assets</Filter>
    </Text>
  </ItemGroup>
  <ItemGroup>
    <None Include="Source\Modern\DatabaseGetAbiClassDeclarations.sql">
      <Filter>Assets</Filter>
    </None>
    <None Include="Source\Modern\DatabaseGetAbiInterfaces.sql">
      <Filter>Assets</Filter>
    </None>
    <None Include="Source\Modern\DatabaseGetAbiStructures.sql">
      <Filter>Assets</Filter>
    </None>
    <None Include="Source\Modern\DatabaseGetBases.sql">
      <Filter>Assets</Filter>
    </None>
    <None Include="Source\Modern\DatabaseGetClassConstructorsPublic.sql">
      <Filter>Assets</Filter>
    </None>
    <None Include="Source\Modern\DatabaseGetClasses.sql">
      <Filter>Assets</Filter>
    </None>
    <None Include="Source\Modern\DatabaseGetClassesComposable.sql">
      <Filter>Assets</Filter>
    </None>
    <None Include="Source\Modern\DatabaseGetClassImplementations.sql">
      <Filter>Assets</Filter>
    </None>
    <None Include="Source\Modern\DatabaseGetClassOverrides.sql">
      <Filter>Assets</Filter>
    </None>
    <None Include="Source\Modern\DatabaseGetComposableConstructors.sql">
      <Filter>Assets</Filter>
    </None>
    <None Include="Source\Modern\DatabaseGetDelegateDefinitions.sql">
      <Filter>Assets</Filter>
    </None>
    <None Include="Source\Modern\DatabaseGetDelegates.sql">
      <Filter>Assets</Filter>
    </None>
    <None Include="Source\Modern\DatabaseGetEnumerations.sql">
      <Filter>Assets</Filter>
    </None>
    <None Include="Source\Modern\DatabaseGetEnumerators.sql">
      <Filter>Assets</Filter>
    </None>
    <None Include="Source\Modern\DatabaseGetEnumeratorsFlag.sql">
      <Filter>Assets</Filter>
    </None>
    <None Include="Source\Modern\DatabaseGetFields.sql">
      <Filter>Assets</Filter>
    </None>
    <None Include="Source\Modern\DatabaseGetGenericInterfaces.sql">
      <Filter>Assets</Filter>
    </None>
    <None Include="Source\Modern\DatabaseGetInterfaceDefinitions.sql">
      <Filter>Assets</Filter>
    </None>
    <None Include="Source\Modern\DatabaseGetInterfaceMethods.sql">
      <Filter>Assets</Filter>
    </None>
    <None Include="Source\Modern\DatabaseGetInterfaces.sql">
      <Filter>Assets</Filter>
    </None>
    <None Include="Source\Modern\DatabaseGetInterfaceTraits.sql">
      <Filter>Assets</Filter>
    </None>
    <None Include="Source\Modern\DatabaseGetNonAbiStructures.sql">
      <Filter>Assets</Filter>
    </None>
    <None Include="Source\Modern\DatabaseGetOverrides.sql">
      <Filter>Assets</Filter>
    </None>
    <None Include="Source\Modern\DatabaseGetParameters.sql">
      <Filter>Assets</Filter>
    </None>
    <None Include="Source\Modern\DatabaseGetRequiredClassInterfaces.sql">
      <Filter>Assets</Filter>
    </None>
    <None Include="Source\Modern\DatabaseGetRequiredComposableInterfaces.sql">
      <Filter>Assets</Filter>
    </None>
    <None Include="Source\Modern\DatabaseGetRequiredInterfaces.sql">
      <Filter>Assets</Filter>
    </None>
    <None Include="Source\Modern\DatabaseGetStructures.sql">
      <Filter>Assets</Filter>
    </None>
    <None Include="Source\Modern\DatabaseGetUsingMethodsForClass.sql">
      <Filter>Assets</Filter>
    </None>
    <None Include="Source\Modern\DatabaseGetUsingMethodsForInterface.sql">
      <Filter>Assets</Filter>
    </None>
    <None Include="Source\Modern\PostSql.sql">
      <Filter>Assets</Filter>
    </None>
    <None Include="Source\Modern\DatabaseGetPublicConstructorMethods.sql">
      <Filter>Assets</Filter>
    </None>
    <None Include="Source\Modern\DatabaseGetInterfaceMethodDefinitions.sql">
      <Filter>Assets</Filter>
    </None>
    <None Include="Source\Modern\DatabaseGetStaticMethodDeclarations.sql">
      <Filter>Assets</Filter>
    </None>
    <None Include="Source\Modern\DatabaseGetClassOverrideIncludes.sql">
      <Filter>Assets</Filter>
    </None>
    <None Include="Source\Modern\DatabaseGetGenericInterfaceArguments.sql">
      <Filter>Assets</Filter>
    </None>
    <None Include="Source\Modern\DatabaseGetNamespaces.sql">
      <Filter>Assets</Filter>
    </None>
    <None Include="Source\Modern\DatabaseGetRequiredForwards.sql">
      <Filter>Assets</Filter>
    </None>
    <None Include="Source\Modern\DatabaseGetRequiredInterfaceHeaders.sql">
      <Filter>Assets</Filter>
    </None>
    <None Include="Source\Modern\DatabaseGetRequiredInterfaceIncludes.sql">
      <Filter>Assets</Filter>
    </None>
    <None Include="Source\Modern\DatabaseGetRequiredParamImpls.sql">
      <Filter>Assets</Filter>
    </None>
    <None Include="Source\Modern\DatabaseGetRequiredAbis.sql">
      <Filter>Assets</Filter>
    </None>
    <None Include="Source\Modern\DatabaseGetRequiredDefinitions.sql">
      <Filter>Assets</Filter>
    </None>
  </ItemGroup>
</Project>