
Microsoft Visual Studio Solution File, Format Version 12.00
# Visual Studio 15
VisualStudioVersion = 15.0.26430.13
MinimumVisualStudioVersion = 10.0.40219.1
Project("{8BC9CEB8-8B4A-11D0-8D11-00A0C91BC942}") = "Composable.Base", "Composable.Base\Composable.Base.vcxproj", "{079B3738-37CD-4705-9C86-43AF7E9E577C}"
EndProject
Project("{8BC9CEB8-8B4A-11D0-8D11-00A0C91BC942}") = "Program", "Program\Program.vcxproj", "{6F880176-ABE3-4307-9D89-D9D1AFA49526}"
	ProjectSection(ProjectDependencies) = postProject
		{079B3738-37CD-4705-9C86-43AF7E9E577C} = {079B3738-37CD-4705-9C86-43AF7E9E577C}
	EndProjectSection
EndProject
Global
	GlobalSection(SolutionConfigurationPlatforms) = preSolution
		Debug|ARM = Debug|ARM
		Debug|x64 = Debug|x64
		Debug|x86 = Debug|x86
		Release|ARM = Release|ARM
		Release|x64 = Release|x64
		Release|x86 = Release|x86
	EndGlobalSection
	GlobalSection(ProjectConfigurationPlatforms) = postSolution
		{079B3738-37CD-4705-9C86-43AF7E9E577C}.Debug|ARM.ActiveCfg = Debug|Win32
		{079B3738-37CD-4705-9C86-43AF7E9E577C}.Debug|x64.ActiveCfg = Debug|x64
		{079B3738-37CD-4705-9C86-43AF7E9E577C}.Debug|x64.Build.0 = Debug|x64
		{079B3738-37CD-4705-9C86-43AF7E9E577C}.Debug|x86.ActiveCfg = Debug|Win32
		{079B3738-37CD-4705-9C86-43AF7E9E577C}.Debug|x86.Build.0 = Debug|Win32
		{079B3738-37CD-4705-9C86-43AF7E9E577C}.Release|ARM.ActiveCfg = Release|Win32
		{079B3738-37CD-4705-9C86-43AF7E9E577C}.Release|x64.ActiveCfg = Release|x64
		{079B3738-37CD-4705-9C86-43AF7E9E577C}.Release|x64.Build.0 = Release|x64
		{079B3738-37CD-4705-9C86-43AF7E9E577C}.Release|x86.ActiveCfg = Release|Win32
		{079B3738-37CD-4705-9C86-43AF7E9E577C}.Release|x86.Build.0 = Release|Win32
		{6F880176-ABE3-4307-9D89-D9D1AFA49526}.Debug|ARM.ActiveCfg = Debug|ARM
		{6F880176-ABE3-4307-9D89-D9D1AFA49526}.Debug|ARM.Build.0 = Debug|ARM
		{6F880176-ABE3-4307-9D89-D9D1AFA49526}.Debug|ARM.Deploy.0 = Debug|ARM
		{6F880176-ABE3-4307-9D89-D9D1AFA49526}.Debug|x64.ActiveCfg = Debug|x64
		{6F880176-ABE3-4307-9D89-D9D1AFA49526}.Debug|x64.Build.0 = Debug|x64
		{6F880176-ABE3-4307-9D89-D9D1AFA49526}.Debug|x64.Deploy.0 = Debug|x64
		{6F880176-ABE3-4307-9D89-D9D1AFA49526}.Debug|x86.ActiveCfg = Debug|Win32
		{6F880176-ABE3-4307-9D89-D9D1AFA49526}.Debug|x86.Build.0 = Debug|Win32
		{6F880176-ABE3-4307-9D89-D9D1AFA49526}.Debug|x86.Deploy.0 = Debug|Win32
		{6F880176-ABE3-4307-9D89-D9D1AFA49526}.Release|ARM.ActiveCfg = Release|ARM
		{6F880176-ABE3-4307-9D89-D9D1AFA49526}.Release|ARM.Build.0 = Release|ARM
		{6F880176-ABE3-4307-9D89-D9D1AFA49526}.Release|ARM.Deploy.0 = Release|ARM
		{6F880176-ABE3-4307-9D89-D9D1AFA49526}.Release|x64.ActiveCfg = Release|x64
		{6F880176-ABE3-4307-9D89-D9D1AFA49526}.Release|x64.Build.0 = Release|x64
		{6F880176-ABE3-4307-9D89-D9D1AFA49526}.Release|x64.Deploy.0 = Release|x64
		{6F880176-ABE3-4307-9D89-D9D1AFA49526}.Release|x86.ActiveCfg = Release|Win32
		{6F880176-ABE3-4307-9D89-D9D1AFA49526}.Release|x86.Build.0 = Release|Win32
		{6F880176-ABE3-4307-9D89-D9D1AFA49526}.Release|x86.Deploy.0 = Release|Win32
	EndGlobalSection
	GlobalSection(SolutionProperties) = preSolution
		HideSolutionNode = FALSE
	EndGlobalSection
EndGlobal
