<?xml version="1.0" encoding="utf-8"?>
<Project ToolsVersion="4.0" xmlns="http://schemas.microsoft.com/developer/msbuild/2003">
  <ItemGroup>
    <ClCompile Include="pch.cpp" />
    <ClCompile Include="Composability.Closed.Base.cpp" />
    <ClCompile Include="Composability.Closed.Derived.cpp" />
    <ClCompile Include="Composability.Open.Base.cpp" />
    <ClCompile Include="Composability.Open.Derived.cpp" />
    <ClCompile Include="Factory.Simple.cpp" />
    <ClCompile Include="Factory.SimpleFactory.cpp" />
    <ClCompile Include="Factory.Static.cpp" />
    <ClCompile Include="Factory.StaticFactory.cpp" />
    <ClCompile Include="Language.cpp" />
    <ClCompile Include="Nested.Simple.cpp" />
    <ClCompile Include="Simple.cpp" />
    <ClCompile Include="Static.cpp" />
    <ClCompile Include="Structs.cpp" />
    <ClCompile Include="Windows.Foundation.Uri.cpp" />
    <ClCompile Include="module.g.cpp" />
  </ItemGroup>
  <ItemGroup>
    <ClInclude Include="pch.h" />
  </ItemGroup>
  <ItemGroup>
    <Midl Include="Complex.Authoring.idl" />
  </ItemGroup>
  <ItemGroup>
    <None Include="module.def" />
  </ItemGroup>
</Project>