
Microsoft Visual Studio Solution File, Format Version 12.00
# Visual Studio 15
VisualStudioVersion = 15.0.26228.9
MinimumVisualStudioVersion = 10.0.40219.1
Project("{8BC9CEB8-8B4A-11D0-8D11-00A0C91BC942}") = "base", "base.vcxproj", "{16A5A127-CFE6-4C11-8F03-43784DDA0435}"
EndProject
Project("{8BC9CEB8-8B4A-11D0-8D11-00A0C91BC942}") = "cppwinrt", "cppwinrt.vcxproj", "{75185506-62F6-4A35-A508-066BEA0BD213}"
EndProject
Global
	GlobalSection(SolutionConfigurationPlatforms) = preSolution
		ClangDebug|x64 = ClangDebug|x64
		ClangDebug|x86 = ClangDebug|x86
		Debug|x64 = Debug|x64
		Debug|x86 = Debug|x86
		Release|x64 = Release|x64
		Release|x86 = Release|x86
	EndGlobalSection
	GlobalSection(ProjectConfigurationPlatforms) = postSolution
		{16A5A127-CFE6-4C11-8F03-43784DDA0435}.ClangDebug|x64.ActiveCfg = ClangDebug|x64
		{16A5A127-CFE6-4C11-8F03-43784DDA0435}.ClangDebug|x64.Build.0 = ClangDebug|x64
		{16A5A127-CFE6-4C11-8F03-43784DDA0435}.ClangDebug|x86.ActiveCfg = ClangDebug|Win32
		{16A5A127-CFE6-4C11-8F03-43784DDA0435}.ClangDebug|x86.Build.0 = ClangDebug|Win32
		{16A5A127-CFE6-4C11-8F03-43784DDA0435}.Debug|x64.ActiveCfg = Debug|x64
		{16A5A127-CFE6-4C11-8F03-43784DDA0435}.Debug|x64.Build.0 = Debug|x64
		{16A5A127-CFE6-4C11-8F03-43784DDA0435}.Debug|x86.ActiveCfg = Debug|Win32
		{16A5A127-CFE6-4C11-8F03-43784DDA0435}.Debug|x86.Build.0 = Debug|Win32
		{16A5A127-CFE6-4C11-8F03-43784DDA0435}.Release|x64.ActiveCfg = Release|x64
		{16A5A127-CFE6-4C11-8F03-43784DDA0435}.Release|x64.Build.0 = Release|x64
		{16A5A127-CFE6-4C11-8F03-43784DDA0435}.Release|x86.ActiveCfg = Release|Win32
		{16A5A127-CFE6-4C11-8F03-43784DDA0435}.Release|x86.Build.0 = Release|Win32
		{75185506-62F6-4A35-A508-066BEA0BD213}.ClangDebug|x64.ActiveCfg = Debug|x64
		{75185506-62F6-4A35-A508-066BEA0BD213}.ClangDebug|x64.Build.0 = Debug|x64
		{75185506-62F6-4A35-A508-066BEA0BD213}.ClangDebug|x86.ActiveCfg = ClangDebug|Win32
		{75185506-62F6-4A35-A508-066BEA0BD213}.ClangDebug|x86.Build.0 = ClangDebug|Win32
		{75185506-62F6-4A35-A508-066BEA0BD213}.Debug|x64.ActiveCfg = Debug|x64
		{75185506-62F6-4A35-A508-066BEA0BD213}.Debug|x64.Build.0 = Debug|x64
		{75185506-62F6-4A35-A508-066BEA0BD213}.Debug|x86.ActiveCfg = Debug|Win32
		{75185506-62F6-4A35-A508-066BEA0BD213}.Debug|x86.Build.0 = Debug|Win32
		{75185506-62F6-4A35-A508-066BEA0BD213}.Release|x64.ActiveCfg = Release|x64
		{75185506-62F6-4A35-A508-066BEA0BD213}.Release|x64.Build.0 = Release|x64
		{75185506-62F6-4A35-A508-066BEA0BD213}.Release|x86.ActiveCfg = Release|Win32
		{75185506-62F6-4A35-A508-066BEA0BD213}.Release|x86.Build.0 = Release|Win32
	EndGlobalSection
	GlobalSection(SolutionProperties) = preSolution
		HideSolutionNode = FALSE
	EndGlobalSection
EndGlobal
