<?xml version="1.0" encoding="utf-8"?>
<Project ToolsVersion="4.0" xmlns="http://schemas.microsoft.com/developer/msbuild/2003">
  <ItemGroup>
    <None Include="Microsoft.Sample.def" />
  </ItemGroup>
  <ItemGroup>
    <Midl Include="Microsoft.Sample.idl" />
  </ItemGroup>
  <ItemGroup>
    <ClInclude Include="pch.h" />
    <ClInclude Include="Microsoft.Sample.h" />
    <ClInclude Include="Microsoft.Sample.Hen.h" />
  </ItemGroup>
  <ItemGroup>
    <ClCompile Include="pch.cpp" />
    <ClCompile Include="Microsoft.Sample.cpp" />
    <ClCompile Include="Microsoft.Sample.Hen.cpp" />
  </ItemGroup>
</Project>