<?xml version="1.0" encoding="utf-8"?>
<Project ToolsVersion="4.0" xmlns="http://schemas.microsoft.com/developer/msbuild/2003">
  <ItemGroup>
    <ClCompile Include="pch.cpp" />
    <ClCompile Include="Parameters.cpp" />
    <ClCompile Include="Structures.cpp" />
    <ClCompile Include="Events.cpp" />
    <ClCompile Include="Generated Files\module.g.cpp">
      <Filter>Generated Files</Filter>
    </ClCompile>
    <ClCompile Include="Errors.cpp" />
    <ClCompile Include="FastInput.cpp" />
    <ClCompile Include="FastInputVector.cpp" />
    <ClCompile Include="FastInputMap.cpp" />
    <ClCompile Include="DllGetClassObject.cpp" />
  </ItemGroup>
  <ItemGroup>
    <ClInclude Include="pch.h" />
    <ClInclude Include="Parameters.h" />
    <ClInclude Include="Structures.h" />
    <ClInclude Include="Events.h" />
    <ClInclude Include="Errors.h" />
    <ClInclude Include="FastInput.h" />
    <ClInclude Include="FastInputVector.h" />
    <ClInclude Include="FastInputMap.h" />
  </ItemGroup>
  <ItemGroup>
    <Midl Include="Component.idl" />
  </ItemGroup>
  <ItemGroup>
    <Filter Include="Generated Files">
      <UniqueIdentifier>{f85eb27b-375a-4402-bc83-a9e13e7c8696}</UniqueIdentifier>
    </Filter>
  </ItemGroup>
  <ItemGroup>
    <None Include="module.def" />
  </ItemGroup>
</Project>