<?xml version="1.0" encoding="utf-8"?>
<Project ToolsVersion="4.0" xmlns="http://schemas.microsoft.com/developer/msbuild/2003">
  <ItemGroup>
    <ClCompile Include="array.cpp" />
    <ClCompile Include="com_ptr.cpp" />
    <ClCompile Include="delegate.cpp" />
    <ClCompile Include="hresult_error.cpp" />
    <ClCompile Include="implements.cpp" />
    <ClCompile Include="Main.cpp" />
    <ClCompile Include="meta.cpp" />
    <ClCompile Include="pch.cpp" />
    <ClCompile Include="hstring.cpp" />
    <ClCompile Include="weak.cpp" />
    <ClCompile Include="handle.cpp" />
    <ClCompile Include="struct.cpp" />
  </ItemGroup>
  <ItemGroup>
    <ClInclude Include="AutoInitialize.h" />
    <ClInclude Include="pch.h" />
  </ItemGroup>
</Project>